
Microsoft Visual Studio Solution File, Format Version 12.00
# Visual Studio Version 17
VisualStudioVersion = 17.11.35327.3
MinimumVisualStudioVersion = 10.0.40219.1
Project("{2150E333-8FDC-42A3-9474-1A3956D46DE8}") = "Services", "Services", "{3F01A36C-CB6F-456F-805F-6E47E411AC9A}"
EndProject
Project("{2150E333-8FDC-42A3-9474-1A3956D46DE8}") = "Catalog", "Catalog", "{E3B401A4-518F-4858-A3C3-84E7D4898C4E}"
EndProject
Project("{9A19103F-16F7-4668-BE54-9A1E7A4F7556}") = "MultiShop.Catalog", "Services\Catalog\MultiShop.Catalog\MultiShop.Catalog.csproj", "{810975B0-124A-44FE-8295-B6AFA5680AA5}"
EndProject
Project("{2150E333-8FDC-42A3-9474-1A3956D46DE8}") = "Notes", "Notes", "{C93AD902-D789-4DD4-AF8A-B4BA68497D81}"
	ProjectSection(SolutionItems) = preProject
		Notes.txt = Notes.txt
	EndProjectSection
EndProject
Project("{2150E333-8FDC-42A3-9474-1A3956D46DE8}") = "Discount", "Discount", "{3692EA97-2843-4C1B-BB44-2678829685EB}"
EndProject
Project("{9A19103F-16F7-4668-BE54-9A1E7A4F7556}") = "MultiShop.Discount", "Services\Discount\MultiShop.Discount\MultiShop.Discount.csproj", "{D7CF2750-D735-46EA-BB7A-E0BCD746E634}"
EndProject
Project("{2150E333-8FDC-42A3-9474-1A3956D46DE8}") = "Order", "Order", "{7895A832-CB5F-40C1-810E-3C43CFFE8C34}"
EndProject
Project("{2150E333-8FDC-42A3-9474-1A3956D46DE8}") = "Core", "Core", "{27C2E01F-558E-4C76-8D85-3C0187DD0E98}"
EndProject
Project("{2150E333-8FDC-42A3-9474-1A3956D46DE8}") = "Infrastructure", "Infrastructure", "{58CF3386-DF1C-451F-8243-0E3CBE26B143}"
EndProject
Project("{2150E333-8FDC-42A3-9474-1A3956D46DE8}") = "Presentation", "Presentation", "{7686554E-5614-4190-A99E-2ED289DE8EF3}"
EndProject
Project("{9A19103F-16F7-4668-BE54-9A1E7A4F7556}") = "MultiShop.Order.Domain", "Services\Order\Core\MultiShop.Order.Domain\MultiShop.Order.Domain.csproj", "{A4811FE9-D218-440E-9CD4-5BF503B85B5A}"
EndProject
Project("{9A19103F-16F7-4668-BE54-9A1E7A4F7556}") = "MultiShop.Order.Application", "Services\Order\Core\MultiShop.Order.Application\MultiShop.Order.Application.csproj", "{2F6E338C-5DD9-4F63-A224-B0D15795D52B}"
EndProject
Project("{9A19103F-16F7-4668-BE54-9A1E7A4F7556}") = "MultiShop.Order.Persistence", "Services\Order\Infrastructure\MultiShop.Order.Persistence\MultiShop.Order.Persistence.csproj", "{5CE2B7A3-78D1-43C8-BC5C-457C1433BAF8}"
EndProject
Project("{9A19103F-16F7-4668-BE54-9A1E7A4F7556}") = "MultiShop.Order.WebApi", "Services\Order\Presentation\MultiShop.Order.WebApi\MultiShop.Order.WebApi.csproj", "{053B5BC8-5A76-4BE6-8817-AAD5D54CD5DA}"
EndProject
Project("{2150E333-8FDC-42A3-9474-1A3956D46DE8}") = "IdentityServer", "IdentityServer", "{B7E9FF41-6305-4FE5-8BF7-F6396A418A4B}"
EndProject
Project("{9A19103F-16F7-4668-BE54-9A1E7A4F7556}") = "MultiShop.IdentityServer", "IdentityServer\MultiShop.IdentityServer\MultiShop.IdentityServer.csproj", "{6CED3DCC-0F80-4277-BF54-F0F290BA3CF6}"
EndProject
Project("{2150E333-8FDC-42A3-9474-1A3956D46DE8}") = "Requirements", "Requirements", "{41EB7D31-C67D-430E-A0BA-6F8D09D62BF7}"
	ProjectSection(SolutionItems) = preProject
		IdentityServerVersionErrorSolution.txt = IdentityServerVersionErrorSolution.txt
		PortainerCmd.txt = PortainerCmd.txt
		PortNumbers.txt = PortNumbers.txt
	EndProjectSection
EndProject
Project("{2150E333-8FDC-42A3-9474-1A3956D46DE8}") = "Cargo", "Cargo", "{831CAEB2-2366-420B-8BAF-DD4A192122A0}"
EndProject
Project("{9A19103F-16F7-4668-BE54-9A1E7A4F7556}") = "MultiShop.Cargo.EntityLayer", "Services\Cargo\MultiShop.Cargo.EntityLayer\MultiShop.Cargo.EntityLayer.csproj", "{93B5AB8C-0339-4218-B1B9-59770AA72779}"
EndProject
Project("{9A19103F-16F7-4668-BE54-9A1E7A4F7556}") = "MultiShop.Cargo.BusinessLayer", "Services\Cargo\MultiShop.Cargo.BusinessLayer\MultiShop.Cargo.BusinessLayer.csproj", "{47AC9B14-D334-4182-A9EC-496BEA0E75C0}"
EndProject
Project("{9A19103F-16F7-4668-BE54-9A1E7A4F7556}") = "MultiShop.Cargo.DataAccessLayer", "Services\Cargo\MultiShop.Cargo.DataAccessLayer\MultiShop.Cargo.DataAccessLayer.csproj", "{3413D81A-26CF-418C-81E2-7D6A29AC64B0}"
EndProject
Project("{9A19103F-16F7-4668-BE54-9A1E7A4F7556}") = "MultiShop.Cargo.DtoLayer", "Services\Cargo\MultiShop.Cargo.DtoLayer\MultiShop.Cargo.DtoLayer.csproj", "{1BEBA689-6CE8-42DF-91EA-9A9491289067}"
EndProject
Project("{9A19103F-16F7-4668-BE54-9A1E7A4F7556}") = "MultiShop.Cargo.WebApi", "Services\Cargo\MultiShop.Cargo.WebApi\MultiShop.Cargo.WebApi.csproj", "{44C3DE48-EDAB-4F8E-8857-21F33718ABF0}"
EndProject
Project("{2150E333-8FDC-42A3-9474-1A3956D46DE8}") = "Basket", "Basket", "{6694C859-3772-451B-89CC-FE1CF8EFFE1B}"
EndProject
Project("{9A19103F-16F7-4668-BE54-9A1E7A4F7556}") = "MultiShop.Basket", "Services\Basket\MultiShop.Basket\MultiShop.Basket.csproj", "{B8F2AEF6-EDBA-4724-8D1A-75FC1613161F}"
EndProject
Project("{2150E333-8FDC-42A3-9474-1A3956D46DE8}") = "Frontends", "Frontends", "{9150FA84-5801-4799-8CF5-945422DC0EE7}"
EndProject
Project("{9A19103F-16F7-4668-BE54-9A1E7A4F7556}") = "MultiShop.WebUI", "Frontends\MultiShop.WebUI\MultiShop.WebUI.csproj", "{4CD19D95-949A-42EF-B474-E529440BBF69}"
EndProject
Project("{FAE04EC0-301F-11D3-BF4B-00C04F79EFBC}") = "MultiShop.DtoLayer", "Frontends\MultiShop.DtoLayer\MultiShop.DtoLayer.csproj", "{DF7946C9-855A-4927-BE78-5CCDADB16281}"
EndProject
Global
	GlobalSection(SolutionConfigurationPlatforms) = preSolution
		Debug|Any CPU = Debug|Any CPU
		Release|Any CPU = Release|Any CPU
	EndGlobalSection
	GlobalSection(ProjectConfigurationPlatforms) = postSolution
		{810975B0-124A-44FE-8295-B6AFA5680AA5}.Debug|Any CPU.ActiveCfg = Debug|Any CPU
		{810975B0-124A-44FE-8295-B6AFA5680AA5}.Debug|Any CPU.Build.0 = Debug|Any CPU
		{810975B0-124A-44FE-8295-B6AFA5680AA5}.Release|Any CPU.ActiveCfg = Release|Any CPU
		{810975B0-124A-44FE-8295-B6AFA5680AA5}.Release|Any CPU.Build.0 = Release|Any CPU
		{D7CF2750-D735-46EA-BB7A-E0BCD746E634}.Debug|Any CPU.ActiveCfg = Debug|Any CPU
		{D7CF2750-D735-46EA-BB7A-E0BCD746E634}.Debug|Any CPU.Build.0 = Debug|Any CPU
		{D7CF2750-D735-46EA-BB7A-E0BCD746E634}.Release|Any CPU.ActiveCfg = Release|Any CPU
		{D7CF2750-D735-46EA-BB7A-E0BCD746E634}.Release|Any CPU.Build.0 = Release|Any CPU
		{A4811FE9-D218-440E-9CD4-5BF503B85B5A}.Debug|Any CPU.ActiveCfg = Debug|Any CPU
		{A4811FE9-D218-440E-9CD4-5BF503B85B5A}.Debug|Any CPU.Build.0 = Debug|Any CPU
		{A4811FE9-D218-440E-9CD4-5BF503B85B5A}.Release|Any CPU.ActiveCfg = Release|Any CPU
		{A4811FE9-D218-440E-9CD4-5BF503B85B5A}.Release|Any CPU.Build.0 = Release|Any CPU
		{2F6E338C-5DD9-4F63-A224-B0D15795D52B}.Debug|Any CPU.ActiveCfg = Debug|Any CPU
		{2F6E338C-5DD9-4F63-A224-B0D15795D52B}.Debug|Any CPU.Build.0 = Debug|Any CPU
		{2F6E338C-5DD9-4F63-A224-B0D15795D52B}.Release|Any CPU.ActiveCfg = Release|Any CPU
		{2F6E338C-5DD9-4F63-A224-B0D15795D52B}.Release|Any CPU.Build.0 = Release|Any CPU
		{5CE2B7A3-78D1-43C8-BC5C-457C1433BAF8}.Debug|Any CPU.ActiveCfg = Debug|Any CPU
		{5CE2B7A3-78D1-43C8-BC5C-457C1433BAF8}.Debug|Any CPU.Build.0 = Debug|Any CPU
		{5CE2B7A3-78D1-43C8-BC5C-457C1433BAF8}.Release|Any CPU.ActiveCfg = Release|Any CPU
		{5CE2B7A3-78D1-43C8-BC5C-457C1433BAF8}.Release|Any CPU.Build.0 = Release|Any CPU
		{053B5BC8-5A76-4BE6-8817-AAD5D54CD5DA}.Debug|Any CPU.ActiveCfg = Debug|Any CPU
		{053B5BC8-5A76-4BE6-8817-AAD5D54CD5DA}.Debug|Any CPU.Build.0 = Debug|Any CPU
		{053B5BC8-5A76-4BE6-8817-AAD5D54CD5DA}.Release|Any CPU.ActiveCfg = Release|Any CPU
		{053B5BC8-5A76-4BE6-8817-AAD5D54CD5DA}.Release|Any CPU.Build.0 = Release|Any CPU
		{6CED3DCC-0F80-4277-BF54-F0F290BA3CF6}.Debug|Any CPU.ActiveCfg = Debug|Any CPU
		{6CED3DCC-0F80-4277-BF54-F0F290BA3CF6}.Debug|Any CPU.Build.0 = Debug|Any CPU
		{6CED3DCC-0F80-4277-BF54-F0F290BA3CF6}.Release|Any CPU.ActiveCfg = Release|Any CPU
		{6CED3DCC-0F80-4277-BF54-F0F290BA3CF6}.Release|Any CPU.Build.0 = Release|Any CPU
		{93B5AB8C-0339-4218-B1B9-59770AA72779}.Debug|Any CPU.ActiveCfg = Debug|Any CPU
		{93B5AB8C-0339-4218-B1B9-59770AA72779}.Debug|Any CPU.Build.0 = Debug|Any CPU
		{93B5AB8C-0339-4218-B1B9-59770AA72779}.Release|Any CPU.ActiveCfg = Release|Any CPU
		{93B5AB8C-0339-4218-B1B9-59770AA72779}.Release|Any CPU.Build.0 = Release|Any CPU
		{47AC9B14-D334-4182-A9EC-496BEA0E75C0}.Debug|Any CPU.ActiveCfg = Debug|Any CPU
		{47AC9B14-D334-4182-A9EC-496BEA0E75C0}.Debug|Any CPU.Build.0 = Debug|Any CPU
		{47AC9B14-D334-4182-A9EC-496BEA0E75C0}.Release|Any CPU.ActiveCfg = Release|Any CPU
		{47AC9B14-D334-4182-A9EC-496BEA0E75C0}.Release|Any CPU.Build.0 = Release|Any CPU
		{3413D81A-26CF-418C-81E2-7D6A29AC64B0}.Debug|Any CPU.ActiveCfg = Debug|Any CPU
		{3413D81A-26CF-418C-81E2-7D6A29AC64B0}.Debug|Any CPU.Build.0 = Debug|Any CPU
		{3413D81A-26CF-418C-81E2-7D6A29AC64B0}.Release|Any CPU.ActiveCfg = Release|Any CPU
		{3413D81A-26CF-418C-81E2-7D6A29AC64B0}.Release|Any CPU.Build.0 = Release|Any CPU
		{1BEBA689-6CE8-42DF-91EA-9A9491289067}.Debug|Any CPU.ActiveCfg = Debug|Any CPU
		{1BEBA689-6CE8-42DF-91EA-9A9491289067}.Debug|Any CPU.Build.0 = Debug|Any CPU
		{1BEBA689-6CE8-42DF-91EA-9A9491289067}.Release|Any CPU.ActiveCfg = Release|Any CPU
		{1BEBA689-6CE8-42DF-91EA-9A9491289067}.Release|Any CPU.Build.0 = Release|Any CPU
		{44C3DE48-EDAB-4F8E-8857-21F33718ABF0}.Debug|Any CPU.ActiveCfg = Debug|Any CPU
		{44C3DE48-EDAB-4F8E-8857-21F33718ABF0}.Debug|Any CPU.Build.0 = Debug|Any CPU
		{44C3DE48-EDAB-4F8E-8857-21F33718ABF0}.Release|Any CPU.ActiveCfg = Release|Any CPU
		{44C3DE48-EDAB-4F8E-8857-21F33718ABF0}.Release|Any CPU.Build.0 = Release|Any CPU
		{B8F2AEF6-EDBA-4724-8D1A-75FC1613161F}.Debug|Any CPU.ActiveCfg = Debug|Any CPU
		{B8F2AEF6-EDBA-4724-8D1A-75FC1613161F}.Debug|Any CPU.Build.0 = Debug|Any CPU
		{B8F2AEF6-EDBA-4724-8D1A-75FC1613161F}.Release|Any CPU.ActiveCfg = Release|Any CPU
		{B8F2AEF6-EDBA-4724-8D1A-75FC1613161F}.Release|Any CPU.Build.0 = Release|Any CPU
		{4CD19D95-949A-42EF-B474-E529440BBF69}.Debug|Any CPU.ActiveCfg = Debug|Any CPU
		{4CD19D95-949A-42EF-B474-E529440BBF69}.Debug|Any CPU.Build.0 = Debug|Any CPU
		{4CD19D95-949A-42EF-B474-E529440BBF69}.Release|Any CPU.ActiveCfg = Release|Any CPU
		{4CD19D95-949A-42EF-B474-E529440BBF69}.Release|Any CPU.Build.0 = Release|Any CPU
		{DF7946C9-855A-4927-BE78-5CCDADB16281}.Debug|Any CPU.ActiveCfg = Debug|Any CPU
		{DF7946C9-855A-4927-BE78-5CCDADB16281}.Debug|Any CPU.Build.0 = Debug|Any CPU
		{DF7946C9-855A-4927-BE78-5CCDADB16281}.Release|Any CPU.ActiveCfg = Release|Any CPU
		{DF7946C9-855A-4927-BE78-5CCDADB16281}.Release|Any CPU.Build.0 = Release|Any CPU
	EndGlobalSection
	GlobalSection(SolutionProperties) = preSolution
		HideSolutionNode = FALSE
	EndGlobalSection
	GlobalSection(NestedProjects) = preSolution
		{E3B401A4-518F-4858-A3C3-84E7D4898C4E} = {3F01A36C-CB6F-456F-805F-6E47E411AC9A}
		{810975B0-124A-44FE-8295-B6AFA5680AA5} = {E3B401A4-518F-4858-A3C3-84E7D4898C4E}
		{3692EA97-2843-4C1B-BB44-2678829685EB} = {3F01A36C-CB6F-456F-805F-6E47E411AC9A}
		{D7CF2750-D735-46EA-BB7A-E0BCD746E634} = {3692EA97-2843-4C1B-BB44-2678829685EB}
		{7895A832-CB5F-40C1-810E-3C43CFFE8C34} = {3F01A36C-CB6F-456F-805F-6E47E411AC9A}
		{27C2E01F-558E-4C76-8D85-3C0187DD0E98} = {7895A832-CB5F-40C1-810E-3C43CFFE8C34}
		{58CF3386-DF1C-451F-8243-0E3CBE26B143} = {7895A832-CB5F-40C1-810E-3C43CFFE8C34}
		{7686554E-5614-4190-A99E-2ED289DE8EF3} = {7895A832-CB5F-40C1-810E-3C43CFFE8C34}
		{A4811FE9-D218-440E-9CD4-5BF503B85B5A} = {27C2E01F-558E-4C76-8D85-3C0187DD0E98}
		{2F6E338C-5DD9-4F63-A224-B0D15795D52B} = {27C2E01F-558E-4C76-8D85-3C0187DD0E98}
		{5CE2B7A3-78D1-43C8-BC5C-457C1433BAF8} = {58CF3386-DF1C-451F-8243-0E3CBE26B143}
		{053B5BC8-5A76-4BE6-8817-AAD5D54CD5DA} = {7686554E-5614-4190-A99E-2ED289DE8EF3}
		{6CED3DCC-0F80-4277-BF54-F0F290BA3CF6} = {B7E9FF41-6305-4FE5-8BF7-F6396A418A4B}
		{831CAEB2-2366-420B-8BAF-DD4A192122A0} = {3F01A36C-CB6F-456F-805F-6E47E411AC9A}
		{93B5AB8C-0339-4218-B1B9-59770AA72779} = {831CAEB2-2366-420B-8BAF-DD4A192122A0}
		{47AC9B14-D334-4182-A9EC-496BEA0E75C0} = {831CAEB2-2366-420B-8BAF-DD4A192122A0}
		{3413D81A-26CF-418C-81E2-7D6A29AC64B0} = {831CAEB2-2366-420B-8BAF-DD4A192122A0}
		{1BEBA689-6CE8-42DF-91EA-9A9491289067} = {831CAEB2-2366-420B-8BAF-DD4A192122A0}
		{44C3DE48-EDAB-4F8E-8857-21F33718ABF0} = {831CAEB2-2366-420B-8BAF-DD4A192122A0}
		{6694C859-3772-451B-89CC-FE1CF8EFFE1B} = {3F01A36C-CB6F-456F-805F-6E47E411AC9A}
		{B8F2AEF6-EDBA-4724-8D1A-75FC1613161F} = {6694C859-3772-451B-89CC-FE1CF8EFFE1B}
		{4CD19D95-949A-42EF-B474-E529440BBF69} = {9150FA84-5801-4799-8CF5-945422DC0EE7}
		{DF7946C9-855A-4927-BE78-5CCDADB16281} = {9150FA84-5801-4799-8CF5-945422DC0EE7}
	EndGlobalSection
	GlobalSection(ExtensibilityGlobals) = postSolution
		SolutionGuid = {C5AE3684-C1FF-44F9-BDB2-02332FB9FADD}
	EndGlobalSection
EndGlobal
